
Microsoft Visual Studio Solution File, Format Version 12.00
# Visual Studio Version 16
VisualStudioVersion = 16.0.31005.135
MinimumVisualStudioVersion = 10.0.40219.1
Project("{FAE04EC0-301F-11D3-BF4B-00C04F79EFBC}") = "Last Project", "Last Project.csproj", "{7FD669BE-A034-4621-AEFF-003D163EB332}"
EndProject
Global
	GlobalSection(SolutionConfigurationPlatforms) = preSolution
		Debug|Any CPU = Debug|Any CPU
		Release|Any CPU = Release|Any CPU
	EndGlobalSection
	GlobalSection(ProjectConfigurationPlatforms) = postSolution
		{7FD669BE-A034-4621-AEFF-003D163EB332}.Debug|Any CPU.ActiveCfg = Debug|Any CPU
		{7FD669BE-A034-4621-AEFF-003D163EB332}.Debug|Any CPU.Build.0 = Debug|Any CPU
		{7FD669BE-A034-4621-AEFF-003D163EB332}.Release|Any CPU.ActiveCfg = Release|Any CPU
		{7FD669BE-A034-4621-AEFF-003D163EB332}.Release|Any CPU.Build.0 = Release|Any CPU
	EndGlobalSection
	GlobalSection(SolutionProperties) = preSolution
		HideSolutionNode = FALSE
	EndGlobalSection
	GlobalSection(ExtensibilityGlobals) = postSolution
		SolutionGuid = {0CEA65D7-B28D-4F49-8C23-489FF1BF94E0}
	EndGlobalSection
EndGlobal
